// !$*UTF8*$!
{
	archiveVersion = 1;
	classes = {
	};
	objectVersion = 77;
	objects = {

/* Begin PBXContainerItemProxy section */
		029048B32EEFFB6000722263 /* PBXContainerItemProxy */ = {
			isa = PBXContainerItemProxy;
			containerPortal = 0290489D2EEFFB5A00722263 /* Project object */;
			proxyType = 1;
			remoteGlobalIDString = 029048A42EEFFB5A00722263;
			remoteInfo = NetoSensei;
		};
		029048BD2EEFFB6000722263 /* PBXContainerItemProxy */ = {
			isa = PBXContainerItemProxy;
			containerPortal = 0290489D2EEFFB5A00722263 /* Project object */;
			proxyType = 1;
			remoteGlobalIDString = 029048A42EEFFB5A00722263;
			remoteInfo = NetoSensei;
		};
/* End PBXContainerItemProxy section */

/* Begin PBXFileReference section */
		029048A52EEFFB5A00722263 /* NetoSensei.app */ = {isa = PBXFileReference; explicitFileType = wrapper.application; includeInIndex = 0; path = NetoSensei.app; sourceTree = BUILT_PRODUCTS_DIR; };
		029048B22EEFFB6000722263 /* NetoSenseiTests.xctest */ = {isa = PBXFileReference; explicitFileType = wrapper.cfbundle; includeInIndex = 0; path = NetoSenseiTests.xctest; sourceTree = BUILT_PRODUCTS_DIR; };
		029048BC2EEFFB6000722263 /* NetoSenseiUITests.xctest */ = {isa = PBXFileReference; explicitFileType = wrapper.cfbundle; includeInIndex = 0; path = NetoSenseiUITests.xctest; sourceTree = BUILT_PRODUCTS_DIR; };
/* End PBXFileReference section */

/* Begin PBXFileSystemSynchronizedRootGroup section */
		029048A72EEFFB5A00722263 /* NetoSensei */ = {
			isa = PBXFileSystemSynchronizedRootGroup;
			path = NetoSensei;
			sourceTree = "<group>";
		};
		029048B52EEFFB6000722263 /* NetoSenseiTests */ = {
			isa = PBXFileSystemSynchronizedRootGroup;
			path = NetoSenseiTests;
			sourceTree = "<group>";
		};
		029048BF2EEFFB6000722263 /* NetoSenseiUITests */ = {
			isa = PBXFileSystemSynchronizedRootGroup;
			path = NetoSenseiUITests;
			sourceTree = "<group>";
		};
/* End PBXFileSystemSynchronizedRootGroup section */

/* Begin PBXFrameworksBuildPhase section */
		029048A22EEFFB5A00722263 /* Frameworks */ = {
			isa = PBXFrameworksBuildPhase;
			buildActionMask = 2147483647;
			files = (
			);
			runOnlyForDeploymentPostprocessing = 0;
		};
		029048AF2EEFFB6000722263 /* Frameworks */ = {
			isa = PBXFrameworksBuildPhase;
			buildActionMask = 2147483647;
			files = (
			);
			runOnlyForDeploymentPostprocessing = 0;
		};
		029048B92EEFFB6000722263 /* Frameworks */ = {
			isa = PBXFrameworksBuildPhase;
			buildActionMask = 2147483647;
			files = (
			);
			runOnlyForDeploymentPostprocessing = 0;
		};
/* End PBXFrameworksBuildPhase section */

/* Begin PBXGroup section */
		0290489C2EEFFB5A00722263 = {
			isa = PBXGroup;
			children = (
				029048A72EEFFB5A00722263 /* NetoSensei */,
				029048B52EEFFB6000722263 /* NetoSenseiTests */,
				029048BF2EEFFB6000722263 /* NetoSenseiUITests */,
				029048A62EEFFB5A00722263 /* Products */,
			);
			sourceTree = "<group>";
		};
		029048A62EEFFB5A00722263 /* Products */ = {
			isa = PBXGroup;
			children = (
				029048A52EEFFB5A00722263 /* NetoSensei.app */,
				029048B22EEFFB6000722263 /* NetoSenseiTests.xctest */,
				029048BC2EEFFB6000722263 /* NetoSenseiUITests.xctest */,
			);
			name = Products;
			sourceTree = "<group>";
		};
/* End PBXGroup section */

/* Begin PBXNativeTarget section */
		029048A42EEFFB5A00722263 /* NetoSensei */ = {
			isa = PBXNativeTarget;
			buildConfigurationList = 029048C62EEFFB6000722263 /* Build configuration list for PBXNativeTarget "NetoSensei" */;
			buildPhases = (
				029048A12EEFFB5A00722263 /* Sources */,
				029048A22EEFFB5A00722263 /* Frameworks */,
				029048A32EEFFB5A00722263 /* Resources */,
			);
			buildRules = (
			);
			dependencies = (
			);
			fileSystemSynchronizedGroups = (
				029048A72EEFFB5A00722263 /* NetoSensei */,
			);
			name = NetoSensei;
			packageProductDependencies = (
			);
			productName = NetoSensei;
			productReference = 029048A52EEFFB5A00722263 /* NetoSensei.app */;
			productType = "com.apple.product-type.application";
		};
		029048B12EEFFB6000722263 /* NetoSenseiTests */ = {
			isa = PBXNativeTarget;
			buildConfigurationList = 029048C92EEFFB6000722263 /* Build configuration list for PBXNativeTarget "NetoSenseiTests" */;
			buildPhases = (
				029048AE2EEFFB6000722263 /* Sources */,
				029048AF2EEFFB6000722263 /* Frameworks */,
				029048B02EEFFB6000722263 /* Resources */,
			);
			buildRules = (
			);
			dependencies = (
				029048B42EEFFB6000722263 /* PBXTargetDependency */,
			);
			fileSystemSynchronizedGroups = (
				029048B52EEFFB6000722263 /* NetoSenseiTests */,
			);
			name = NetoSenseiTests;
			packageProductDependencies = (
			);
			productName = NetoSenseiTests;
			productReference = 029048B22EEFFB6000722263 /* NetoSenseiTests.xctest */;
			productType = "com.apple.product-type.bundle.unit-test";
		};
		029048BB2EEFFB6000722263 /* NetoSenseiUITests */ = {
			isa = PBXNativeTarget;
			buildConfigurationList = 029048CC2EEFFB6000722263 /* Build configuration list for PBXNativeTarget "NetoSenseiUITests" */;
			buildPhases = (
				029048B82EEFFB6000722263 /* Sources */,
				029048B92EEFFB6000722263 /* Frameworks */,
				029048BA2EEFFB6000722263 /* Resources */,
			);
			buildRules = (
			);
			dependencies = (
				029048BE2EEFFB6000722263 /* PBXTargetDependency */,
			);
			fileSystemSynchronizedGroups = (
				029048BF2EEFFB6000722263 /* NetoSenseiUITests */,
			);
			name = NetoSenseiUITests;
			packageProductDependencies = (
			);
			productName = NetoSenseiUITests;
			productReference = 029048BC2EEFFB6000722263 /* NetoSenseiUITests.xctest */;
			productType = "com.apple.product-type.bundle.ui-testing";
		};
/* End PBXNativeTarget section */

/* Begin PBXProject section */
		0290489D2EEFFB5A00722263 /* Project object */ = {
			isa = PBXProject;
			attributes = {
				BuildIndependentTargetsInParallel = 1;
				LastSwiftUpdateCheck = 1640;
				LastUpgradeCheck = 2630;
				TargetAttributes = {
					029048A42EEFFB5A00722263 = {
						CreatedOnToolsVersion = 16.4;
					};
					029048B12EEFFB6000722263 = {
						CreatedOnToolsVersion = 16.4;
						TestTargetID = 029048A42EEFFB5A00722263;
					};
					029048BB2EEFFB6000722263 = {
						CreatedOnToolsVersion = 16.4;
						TestTargetID = 029048A42EEFFB5A00722263;
					};
				};
			};
			buildConfigurationList = 029048A02EEFFB5A00722263 /* Build configuration list for PBXProject "NetoSensei" */;
			developmentRegion = en;
			hasScannedForEncodings = 0;
			knownRegions = (
				en,
				Base,
			);
			mainGroup = 0290489C2EEFFB5A00722263;
			minimizedProjectReferenceProxies = 1;
			preferredProjectObjectVersion = 77;
			productRefGroup = 029048A62EEFFB5A00722263 /* Products */;
			projectDirPath = "";
			projectRoot = "";
			targets = (
				029048A42EEFFB5A00722263 /* NetoSensei */,
				029048B12EEFFB6000722263 /* NetoSenseiTests */,
				029048BB2EEFFB6000722263 /* NetoSenseiUITests */,
			);
		};
/* End PBXProject section */

/* Begin PBXResourcesBuildPhase section */
		029048A32EEFFB5A00722263 /* Resources */ = {
			isa = PBXResourcesBuildPhase;
			buildActionMask = 2147483647;
			files = (
			);
			runOnlyForDeploymentPostprocessing = 0;
		};
		029048B02EEFFB6000722263 /* Resources */ = {
			isa = PBXResourcesBuildPhase;
			buildActionMask = 2147483647;
			files = (
			);
			runOnlyForDeploymentPostprocessing = 0;
		};
		029048BA2EEFFB6000722263 /* Resources */ = {
			isa = PBXResourcesBuildPhase;
			buildActionMask = 2147483647;
			files = (
			);
			runOnlyForDeploymentPostprocessing = 0;
		};
/* End PBXResourcesBuildPhase section */

/* Begin PBXSourcesBuildPhase section */
		029048A12EEFFB5A00722263 /* Sources */ = {
			isa = PBXSourcesBuildPhase;
			buildActionMask = 2147483647;
			files = (
			);
			runOnlyForDeploymentPostprocessing = 0;
		};
		029048AE2EEFFB6000722263 /* Sources */ = {
			isa = PBXSourcesBuildPhase;
			buildActionMask = 2147483647;
			files = (
			);
			runOnlyForDeploymentPostprocessing = 0;
		};
		029048B82EEFFB6000722263 /* Sources */ = {
			isa = PBXSourcesBuildPhase;
			buildActionMask = 2147483647;
			files = (
			);
			runOnlyForDeploymentPostprocessing = 0;
		};
/* End PBXSourcesBuildPhase section */

/* Begin PBXTargetDependency section */
		029048B42EEFFB6000722263 /* PBXTargetDependency */ = {
			isa = PBXTargetDependency;
			target = 029048A42EEFFB5A00722263 /* NetoSensei */;
			targetProxy = 029048B32EEFFB6000722263 /* PBXContainerItemProxy */;
		};
		029048BE2EEFFB6000722263 /* PBXTargetDependency */ = {
			isa = PBXTargetDependency;
			target = 029048A42EEFFB5A00722263 /* NetoSensei */;
			targetProxy = 029048BD2EEFFB6000722263 /* PBXContainerItemProxy */;
		};
/* End PBXTargetDependency section */

/* Begin XCBuildConfiguration section */
		029048C42EEFFB6000722263 /* Debug */ = {
			isa = XCBuildConfiguration;
			buildSettings = {
				ALWAYS_SEARCH_USER_PATHS = NO;
				ASSETCATALOG_COMPILER_GENERATE_SWIFT_ASSET_SYMBOL_EXTENSIONS = YES;
				CLANG_ANALYZER_NONNULL = YES;
				CLANG_ANALYZER_NUMBER_OBJECT_CONVERSION = YES_AGGRESSIVE;
				CLANG_CXX_LANGUAGE_STANDARD = "gnu++20";
				CLANG_ENABLE_MODULES = YES;
				CLANG_ENABLE_OBJC_ARC = YES;
				CLANG_ENABLE_OBJC_WEAK = YES;
				CLANG_WARN_BLOCK_CAPTURE_AUTORELEASING = YES;
				CLANG_WARN_BOOL_CONVERSION = YES;
				CLANG_WARN_COMMA = YES;
				CLANG_WARN_CONSTANT_CONVERSION = YES;
				CLANG_WARN_DEPRECATED_OBJC_IMPLEMENTATIONS = YES;
				CLANG_WARN_DIRECT_OBJC_ISA_USAGE = YES_ERROR;
				CLANG_WARN_DOCUMENTATION_COMMENTS = YES;
				CLANG_WARN_EMPTY_BODY = YES;
				CLANG_WARN_ENUM_CONVERSION = YES;
				CLANG_WARN_INFINITE_RECURSION = YES;
				CLANG_WARN_INT_CONVERSION = YES;
				CLANG_WARN_NON_LITERAL_NULL_CONVERSION = YES;
				CLANG_WARN_OBJC_IMPLICIT_RETAIN_SELF = YES;
				CLANG_WARN_OBJC_LITERAL_CONVERSION = YES;
				CLANG_WARN_OBJC_ROOT_CLASS = YES_ERROR;
				CLANG_WARN_QUOTED_INCLUDE_IN_FRAMEWORK_HEADER = YES;
				CLANG_WARN_RANGE_LOOP_ANALYSIS = YES;
				CLANG_WARN_STRICT_PROTOTYPES = YES;
				CLANG_WARN_SUSPICIOUS_MOVE = YES;
				CLANG_WARN_UNGUARDED_AVAILABILITY = YES_AGGRESSIVE;
				CLANG_WARN_UNREACHABLE_CODE = YES;
				CLANG_WARN__DUPLICATE_METHOD_MATCH = YES;
				COPY_PHASE_STRIP = NO;
				DEBUG_INFORMATION_FORMAT = dwarf;
				DEVELOPMENT_TEAM = Y9WMMP3XCZ;
				ENABLE_STRICT_OBJC_MSGSEND = YES;
				ENABLE_TESTABILITY = YES;
				ENABLE_USER_SCRIPT_SANDBOXING = YES;
				GCC_C_LANGUAGE_STANDARD = gnu17;
				GCC_DYNAMIC_NO_PIC = NO;
				GCC_NO_COMMON_BLOCKS = YES;
				GCC_OPTIMIZATION_LEVEL = 0;
				GCC_PREPROCESSOR_DEFINITIONS = (
					"DEBUG=1",
					"$(inherited)",
				);
				GCC_WARN_64_TO_32_BIT_CONVERSION = YES;
				GCC_WARN_ABOUT_RETURN_TYPE = YES_ERROR;
				GCC_WARN_UNDECLARED_SELECTOR = YES;
				GCC_WARN_UNINITIALIZED_AUTOS = YES_AGGRESSIVE;
				GCC_WARN_UNUSED_FUNCTION = YES;
				GCC_WARN_UNUSED_VARIABLE = YES;
				IPHONEOS_DEPLOYMENT_TARGET = 18.5;
				LOCALIZATION_PREFERS_STRING_CATALOGS = YES;
				MTL_ENABLE_DEBUG_INFO = INCLUDE_SOURCE;
				MTL_FAST_MATH = YES;
				ONLY_ACTIVE_ARCH = YES;
				SDKROOT = iphoneos;
				STRING_CATALOG_GENERATE_SYMBOLS = YES;
				SWIFT_ACTIVE_COMPILATION_CONDITIONS = "DEBUG $(inherited)";
				SWIFT_OPTIMIZATION_LEVEL = "-Onone";
			};
			name = Debug;
		};
		029048C52EEFFB6000722263 /* Release */ = {
			isa = XCBuildConfiguration;
			buildSettings = {
				ALWAYS_SEARCH_USER_PATHS = NO;
				ASSETCATALOG_COMPILER_GENERATE_SWIFT_ASSET_SYMBOL_EXTENSIONS = YES;
				CLANG_ANALYZER_NONNULL = YES;
				CLANG_ANALYZER_NUMBER_OBJECT_CONVERSION = YES_AGGRESSIVE;
				CLANG_CXX_LANGUAGE_STANDARD = "gnu++20";
				CLANG_ENABLE_MODULES = YES;
				CLANG_ENABLE_OBJC_ARC = YES;
				CLANG_ENABLE_OBJC_WEAK = YES;
				CLANG_WARN_BLOCK_CAPTURE_AUTORELEASING = YES;
				CLANG_WARN_BOOL_CONVERSION = YES;
				CLANG_WARN_COMMA = YES;
				CLANG_WARN_CONSTANT_CONVERSION = YES;
				CLANG_WARN_DEPRECATED_OBJC_IMPLEMENTATIONS = YES;
				CLANG_WARN_DIRECT_OBJC_ISA_USAGE = YES_ERROR;
				CLANG_WARN_DOCUMENTATION_COMMENTS = YES;
				CLANG_WARN_EMPTY_BODY = YES;
				CLANG_WARN_ENUM_CONVERSION = YES;
				CLANG_WARN_INFINITE_RECURSION = YES;
				CLANG_WARN_INT_CONVERSION = YES;
				CLANG_WARN_NON_LITERAL_NULL_CONVERSION = YES;
				CLANG_WARN_OBJC_IMPLICIT_RETAIN_SELF = YES;
				CLANG_WARN_OBJC_LITERAL_CONVERSION = YES;
				CLANG_WARN_OBJC_ROOT_CLASS = YES_ERROR;
				CLANG_WARN_QUOTED_INCLUDE_IN_FRAMEWORK_HEADER = YES;
				CLANG_WARN_RANGE_LOOP_ANALYSIS = YES;
				CLANG_WARN_STRICT_PROTOTYPES = YES;
				CLANG_WARN_SUSPICIOUS_MOVE = YES;
				CLANG_WARN_UNGUARDED_AVAILABILITY = YES_AGGRESSIVE;
				CLANG_WARN_UNREACHABLE_CODE = YES;
				CLANG_WARN__DUPLICATE_METHOD_MATCH = YES;
				COPY_PHASE_STRIP = NO;
				DEBUG_INFORMATION_FORMAT = "dwarf-with-dsym";
				DEVELOPMENT_TEAM = Y9WMMP3XCZ;
				ENABLE_NS_ASSERTIONS = NO;
				ENABLE_STRICT_OBJC_MSGSEND = YES;
				ENABLE_USER_SCRIPT_SANDBOXING = YES;
				GCC_C_LANGUAGE_STANDARD = gnu17;
				GCC_NO_COMMON_BLOCKS = YES;
				GCC_WARN_64_TO_32_BIT_CONVERSION = YES;
				GCC_WARN_ABOUT_RETURN_TYPE = YES_ERROR;
				GCC_WARN_UNDECLARED_SELECTOR = YES;
				GCC_WARN_UNINITIALIZED_AUTOS = YES_AGGRESSIVE;
				GCC_WARN_UNUSED_FUNCTION = YES;
				GCC_WARN_UNUSED_VARIABLE = YES;
				IPHONEOS_DEPLOYMENT_TARGET = 18.5;
				LOCALIZATION_PREFERS_STRING_CATALOGS = YES;
				MTL_ENABLE_DEBUG_INFO = NO;
				MTL_FAST_MATH = YES;
				SDKROOT = iphoneos;
				STRING_CATALOG_GENERATE_SYMBOLS = YES;
				SWIFT_COMPILATION_MODE = wholemodule;
				VALIDATE_PRODUCT = YES;
			};
			name = Release;
		};
		029048C72EEFFB6000722263 /* Debug */ = {
			isa = XCBuildConfiguration;
			buildSettings = {
				ASSETCATALOG_COMPILER_APPICON_NAME = AppIcon;
				ASSETCATALOG_COMPILER_GLOBAL_ACCENT_COLOR_NAME = AccentColor;
				CODE_SIGN_ENTITLEMENTS = NetoSensei/NetoSensei.entitlements;
				CODE_SIGN_STYLE = Automatic;
				CURRENT_PROJECT_VERSION = 19;
				DEVELOPMENT_TEAM = Y9WMMP3XCZ;
				ENABLE_PREVIEWS = YES;
				GENERATE_INFOPLIST_FILE = NO;
				INFOPLIST_FILE = Info.plist;
				LD_RUNPATH_SEARCH_PATHS = (
					"$(inherited)",
					"@executable_path/Frameworks",
				);
				MARKETING_VERSION = 1.0;
				PRODUCT_BUNDLE_IDENTIFIER = com.toshiki.netosensei;
				PRODUCT_NAME = "$(TARGET_NAME)";
				SWIFT_EMIT_LOC_STRINGS = YES;
				SWIFT_VERSION = 5.0;
				TARGETED_DEVICE_FAMILY = "1,2";
			};
			name = Debug;
		};
		029048C82EEFFB6000722263 /* Release */ = {
			isa = XCBuildConfiguration;
			buildSettings = {
				ASSETCATALOG_COMPILER_APPICON_NAME = AppIcon;
				ASSETCATALOG_COMPILER_GLOBAL_ACCENT_COLOR_NAME = AccentColor;
				CODE_SIGN_ENTITLEMENTS = NetoSensei/NetoSensei.entitlements;
				CODE_SIGN_STYLE = Automatic;
				CURRENT_PROJECT_VERSION = 19;
				DEVELOPMENT_TEAM = Y9WMMP3XCZ;
				ENABLE_PREVIEWS = YES;
				GENERATE_INFOPLIST_FILE = NO;
				INFOPLIST_FILE = Info.plist;
				LD_RUNPATH_SEARCH_PATHS = (
					"$(inherited)",
					"@executable_path/Frameworks",
				);
				MARKETING_VERSION = 1.0;
				PRODUCT_BUNDLE_IDENTIFIER = com.toshiki.netosensei;
				PRODUCT_NAME = "$(TARGET_NAME)";
				SWIFT_EMIT_LOC_STRINGS = YES;
				SWIFT_VERSION = 5.0;
				TARGETED_DEVICE_FAMILY = "1,2";
			};
			name = Release;
		};
		029048CA2EEFFB6000722263 /* Debug */ = {
			isa = XCBuildConfiguration;
			buildSettings = {
				BUNDLE_LOADER = "$(TEST_HOST)";
				CODE_SIGN_STYLE = Automatic;
				CURRENT_PROJECT_VERSION = 19;
				DEVELOPMENT_TEAM = Y9WMMP3XCZ;
				GENERATE_INFOPLIST_FILE = YES;
				IPHONEOS_DEPLOYMENT_TARGET = 18.5;
				MARKETING_VERSION = 1.0;
				PRODUCT_BUNDLE_IDENTIFIER = NetoSensei.NetoSenseiTests;
				PRODUCT_NAME = "$(TARGET_NAME)";
				SWIFT_EMIT_LOC_STRINGS = NO;
				SWIFT_VERSION = 5.0;
				TARGETED_DEVICE_FAMILY = "1,2";
				TEST_HOST = "$(BUILT_PRODUCTS_DIR)/NetoSensei.app/$(BUNDLE_EXECUTABLE_FOLDER_PATH)/NetoSensei";
			};
			name = Debug;
		};
		029048CB2EEFFB6000722263 /* Release */ = {
			isa = XCBuildConfiguration;
			buildSettings = {
				BUNDLE_LOADER = "$(TEST_HOST)";
				CODE_SIGN_STYLE = Automatic;
				CURRENT_PROJECT_VERSION = 19;
				DEVELOPMENT_TEAM = Y9WMMP3XCZ;
				GENERATE_INFOPLIST_FILE = YES;
				IPHONEOS_DEPLOYMENT_TARGET = 18.5;
				MARKETING_VERSION = 1.0;
				PRODUCT_BUNDLE_IDENTIFIER = NetoSensei.NetoSenseiTests;
				PRODUCT_NAME = "$(TARGET_NAME)";
				SWIFT_EMIT_LOC_STRINGS = NO;
				SWIFT_VERSION = 5.0;
				TARGETED_DEVICE_FAMILY = "1,2";
				TEST_HOST = "$(BUILT_PRODUCTS_DIR)/NetoSensei.app/$(BUNDLE_EXECUTABLE_FOLDER_PATH)/NetoSensei";
			};
			name = Release;
		};
		029048CD2EEFFB6000722263 /* Debug */ = {
			isa = XCBuildConfiguration;
			buildSettings = {
				CODE_SIGN_STYLE = Automatic;
				CURRENT_PROJECT_VERSION = 19;
				DEVELOPMENT_TEAM = Y9WMMP3XCZ;
				GENERATE_INFOPLIST_FILE = YES;
				MARKETING_VERSION = 1.0;
				PRODUCT_BUNDLE_IDENTIFIER = NetoSensei.NetoSenseiUITests;
				PRODUCT_NAME = "$(TARGET_NAME)";
				SWIFT_EMIT_LOC_STRINGS = NO;
				SWIFT_VERSION = 5.0;
				TARGETED_DEVICE_FAMILY = "1,2";
				TEST_TARGET_NAME = NetoSensei;
			};
			name = Debug;
		};
		029048CE2EEFFB6000722263 /* Release */ = {
			isa = XCBuildConfiguration;
			buildSettings = {
				CODE_SIGN_STYLE = Automatic;
				CURRENT_PROJECT_VERSION = 19;
				DEVELOPMENT_TEAM = Y9WMMP3XCZ;
				GENERATE_INFOPLIST_FILE = YES;
				MARKETING_VERSION = 1.0;
				PRODUCT_BUNDLE_IDENTIFIER = NetoSensei.NetoSenseiUITests;
				PRODUCT_NAME = "$(TARGET_NAME)";
				SWIFT_EMIT_LOC_STRINGS = NO;
				SWIFT_VERSION = 5.0;
				TARGETED_DEVICE_FAMILY = "1,2";
				TEST_TARGET_NAME = NetoSensei;
			};
			name = Release;
		};
/* End XCBuildConfiguration section */

/* Begin XCConfigurationList section */
		029048A02EEFFB5A00722263 /* Build configuration list for PBXProject "NetoSensei" */ = {
			isa = XCConfigurationList;
			buildConfigurations = (
				029048C42EEFFB6000722263 /* Debug */,
				029048C52EEFFB6000722263 /* Release */,
			);
			defaultConfigurationIsVisible = 0;
			defaultConfigurationName = Release;
		};
		029048C62EEFFB6000722263 /* Build configuration list for PBXNativeTarget "NetoSensei" */ = {
			isa = XCConfigurationList;
			buildConfigurations = (
				029048C72EEFFB6000722263 /* Debug */,
				029048C82EEFFB6000722263 /* Release */,
			);
			defaultConfigurationIsVisible = 0;
			defaultConfigurationName = Release;
		};
		029048C92EEFFB6000722263 /* Build configuration list for PBXNativeTarget "NetoSenseiTests" */ = {
			isa = XCConfigurationList;
			buildConfigurations = (
				029048CA2EEFFB6000722263 /* Debug */,
				029048CB2EEFFB6000722263 /* Release */,
			);
			defaultConfigurationIsVisible = 0;
			defaultConfigurationName = Release;
		};
		029048CC2EEFFB6000722263 /* Build configuration list for PBXNativeTarget "NetoSenseiUITests" */ = {
			isa = XCConfigurationList;
			buildConfigurations = (
				029048CD2EEFFB6000722263 /* Debug */,
				029048CE2EEFFB6000722263 /* Release */,
			);
			defaultConfigurationIsVisible = 0;
			defaultConfigurationName = Release;
		};
/* End XCConfigurationList section */
	};
	rootObject = 0290489D2EEFFB5A00722263 /* Project object */;
}
